name: Desktop Dependency Lock

on:
  pull_request:
    branches: [main]
    paths:
      - 'desktop/electron/package.json'
      - 'desktop/electron/package-lock.json'
      - 'desktop/electron/msix-toolchain/package.json'
      - 'desktop/electron/msix-toolchain/package-lock.json'
      - 'desktop/electron/scripts/run-msix-builder.cjs'
      - '.github/workflows/desktop-dependency-lock.yml'
  push:
    branches: [main]
    paths:
      - 'desktop/electron/package.json'
      - 'desktop/electron/package-lock.json'
      - 'desktop/electron/msix-toolchain/package.json'
      - 'desktop/electron/msix-toolchain/package-lock.json'
      - 'desktop/electron/scripts/run-msix-builder.cjs'
      - '.github/workflows/desktop-dependency-lock.yml'
  workflow_dispatch:

permissions:
  contents: read

concurrency:
  group: desktop-dependency-lock-${{ github.ref }}
  cancel-in-progress: true

jobs:
  lock:
    runs-on: ubuntu-latest
    steps:
      - uses: actions/checkout@v7
      - uses: actions/setup-node@v7
        with:
          node-version: '22.12.0'
          cache: 'npm'
          cache-dependency-path: |
            desktop/electron/package-lock.json
            desktop/electron/msix-toolchain/package-lock.json
      - name: Verify exact npm dependency locks and isolated builders
        shell: bash
        run: |
          set -euo pipefail
          npm ci --prefix desktop/electron --ignore-scripts --no-audit --fund=false
          npm ci --prefix desktop/electron/msix-toolchain --ignore-scripts --no-audit --fund=false
          node -e "const p=require('./desktop/electron/node_modules/electron-builder/package.json'); if(p.version!=='26.15.7') throw new Error('root electron-builder drift: '+p.version)"
          node desktop/electron/scripts/run-msix-builder.cjs --version
          git ls-files --error-unmatch desktop/electron/package-lock.json >/dev/null
          git ls-files --error-unmatch desktop/electron/msix-toolchain/package-lock.json >/dev/null
          git diff --exit-code -- desktop/electron/package-lock.json desktop/electron/msix-toolchain/package-lock.json
          echo 'Desktop portable/NSIS and isolated MSIX dependency locks are committed and reproducible.'
